
Microsoft Visual Studio Solution File, Format Version 12.00
Project("{FAE04EC0-301F-11D3-BF4B-00C04F79EFBC}") = "TimesheetTimothy", "TimesheetTimothy.csproj", "{199C1A73-A91C-483D-952B-8647863BADC9}"
EndProject
Global
	GlobalSection(SolutionConfigurationPlatforms) = preSolution
		Debug|Any CPU = Debug|Any CPU
		Release|Any CPU = Release|Any CPU
	EndGlobalSection
	GlobalSection(ProjectConfigurationPlatforms) = postSolution
		{199C1A73-A91C-483D-952B-8647863BADC9}.Debug|Any CPU.ActiveCfg = Debug|Any CPU
		{199C1A73-A91C-483D-952B-8647863BADC9}.Debug|Any CPU.Build.0 = Debug|Any CPU
		{199C1A73-A91C-483D-952B-8647863BADC9}.Release|Any CPU.ActiveCfg = Release|Any CPU
		{199C1A73-A91C-483D-952B-8647863BADC9}.Release|Any CPU.Build.0 = Release|Any CPU
	EndGlobalSection
EndGlobal
